
Microsoft Visual Studio Solution File, Format Version 12.00
# Visual Studio Version 17
VisualStudioVersion = 17.4.33110.190
MinimumVisualStudioVersion = 10.0.40219.1
Project("{FAE04EC0-301F-11D3-BF4B-00C04F79EFBC}") = "TestProject1", "TestProject1\TestProject1.csproj", "{8B8B9454-8747-48E5-902C-12B877568F5E}"
EndProject
Global
	GlobalSection(SolutionConfigurationPlatforms) = preSolution
		Debug|Any CPU = Debug|Any CPU
		Release|Any CPU = Release|Any CPU
	EndGlobalSection
	GlobalSection(ProjectConfigurationPlatforms) = postSolution
		{8B8B9454-8747-48E5-902C-12B877568F5E}.Debug|Any CPU.ActiveCfg = Debug|Any CPU
		{8B8B9454-8747-48E5-902C-12B877568F5E}.Debug|Any CPU.Build.0 = Debug|Any CPU
		{8B8B9454-8747-48E5-902C-12B877568F5E}.Release|Any CPU.ActiveCfg = Release|Any CPU
		{8B8B9454-8747-48E5-902C-12B877568F5E}.Release|Any CPU.Build.0 = Release|Any CPU
	EndGlobalSection
	GlobalSection(SolutionProperties) = preSolution
		HideSolutionNode = FALSE
	EndGlobalSection
	GlobalSection(ExtensibilityGlobals) = postSolution
		SolutionGuid = {FC9F8378-48C4-44EF-8ED0-2D93AAFE82A0}
	EndGlobalSection
EndGlobal
